
Microsoft Visual Studio Solution File, Format Version 12.00
# Visual Studio 15
VisualStudioVersion = 15.0.27703.2047
MinimumVisualStudioVersion = 10.0.40219.1
Project("{FAE04EC0-301F-11D3-BF4B-00C04F79EFBC}") = "Lab27", "Lab27\Lab27.csproj", "{111A863E-46ED-4D83-B5D9-BD76CFBD7839}"
EndProject
Global
	GlobalSection(SolutionConfigurationPlatforms) = preSolution
		Debug|Any CPU = Debug|Any CPU
		Release|Any CPU = Release|Any CPU
	EndGlobalSection
	GlobalSection(ProjectConfigurationPlatforms) = postSolution
		{111A863E-46ED-4D83-B5D9-BD76CFBD7839}.Debug|Any CPU.ActiveCfg = Debug|Any CPU
		{111A863E-46ED-4D83-B5D9-BD76CFBD7839}.Debug|Any CPU.Build.0 = Debug|Any CPU
		{111A863E-46ED-4D83-B5D9-BD76CFBD7839}.Release|Any CPU.ActiveCfg = Release|Any CPU
		{111A863E-46ED-4D83-B5D9-BD76CFBD7839}.Release|Any CPU.Build.0 = Release|Any CPU
	EndGlobalSection
	GlobalSection(SolutionProperties) = preSolution
		HideSolutionNode = FALSE
	EndGlobalSection
	GlobalSection(ExtensibilityGlobals) = postSolution
		SolutionGuid = {165FB5C4-DAF0-49C1-B4B1-5BCD06EB38F3}
	EndGlobalSection
EndGlobal
